// !$*UTF8*$!
{
	archiveVersion = 1;
	classes = {
	};
	objectVersion = 55;
	objects = {

/* Begin PBXBuildFile section */
		B73477D2B0EF8A710696FB77 /* Pods_Spotify.framework in Frameworks */ = {isa = PBXBuildFile; fileRef = 3DA9051C0D027960D73E011F /* Pods_Spotify.framework */; };
		F8139CF527BD46B20048B8F5 /* SearchResultDefaultTableViewCellViewModel.swift in Sources */ = {isa = PBXBuildFile; fileRef = F8139CF427BD46B20048B8F5 /* SearchResultDefaultTableViewCellViewModel.swift */; };
		F8139DA527C7E4240048B8F5 /* SearchResultSubtitleTableViewCell.swift in Sources */ = {isa = PBXBuildFile; fileRef = F8139DA427C7E4220048B8F5 /* SearchResultSubtitleTableViewCell.swift */; };
		F8139DA727C7EA730048B8F5 /* SearchResultSubtitleTableViewCellViewModel.swift in Sources */ = {isa = PBXBuildFile; fileRef = F8139DA627C7EA730048B8F5 /* SearchResultSubtitleTableViewCellViewModel.swift */; };
		F8139DAA27C7F2950048B8F5 /* PlaybackPresenter.swift in Sources */ = {isa = PBXBuildFile; fileRef = F8139DA927C7F2940048B8F5 /* PlaybackPresenter.swift */; };
		F85D4D3827B4CA1900FBEEFA /* AlbumViewController.swift in Sources */ = {isa = PBXBuildFile; fileRef = F85D4D3727B4CA1900FBEEFA /* AlbumViewController.swift */; };
		F85D4D3A27B5189C00FBEEFA /* AlbumDetailsReponse.swift in Sources */ = {isa = PBXBuildFile; fileRef = F85D4D3927B5189C00FBEEFA /* AlbumDetailsReponse.swift */; };
		F85D4D3C27B52AAD00FBEEFA /* PlaylistDetailsReponse.swift in Sources */ = {isa = PBXBuildFile; fileRef = F85D4D3B27B52AAD00FBEEFA /* PlaylistDetailsReponse.swift */; };
		F85D4D3E27B55FBF00FBEEFA /* PlaylistHeaderCollectionReusableView.swift in Sources */ = {isa = PBXBuildFile; fileRef = F85D4D3D27B55FBE00FBEEFA /* PlaylistHeaderCollectionReusableView.swift */; };
		F85D4D4027B5663E00FBEEFA /* PlaylistHeaderViewViewModel.swift in Sources */ = {isa = PBXBuildFile; fileRef = F85D4D3F27B5663E00FBEEFA /* PlaylistHeaderViewViewModel.swift */; };
		F86319C227A43301008C0A8E /* Extensions.swift in Sources */ = {isa = PBXBuildFile; fileRef = F86319C127A43301008C0A8E /* Extensions.swift */; };
		F86319C427A55B66008C0A8E /* AuthResponse.swift in Sources */ = {isa = PBXBuildFile; fileRef = F86319C327A55B66008C0A8E /* AuthResponse.swift */; };
		F86319C627AEA2C0008C0A8E /* SettingsModels.swift in Sources */ = {isa = PBXBuildFile; fileRef = F86319C527AEA2C0008C0A8E /* SettingsModels.swift */; };
		F86319C827AFF5BC008C0A8E /* NewReleasesReponse.swift in Sources */ = {isa = PBXBuildFile; fileRef = F86319C727AFF5BC008C0A8E /* NewReleasesReponse.swift */; };
		F86319CA27AFFC09008C0A8E /* APIImage.swift in Sources */ = {isa = PBXBuildFile; fileRef = F86319C927AFFC09008C0A8E /* APIImage.swift */; };
		F86319CC27B00C50008C0A8E /* FeaturedPlaylistsResponse.swift in Sources */ = {isa = PBXBuildFile; fileRef = F86319CB27B00C50008C0A8E /* FeaturedPlaylistsResponse.swift */; };
		F86319CE27B012E0008C0A8E /* RecommendationsResponse.swift in Sources */ = {isa = PBXBuildFile; fileRef = F86319CD27B012E0008C0A8E /* RecommendationsResponse.swift */; };
		F86319D027B0209F008C0A8E /* RecommendedGenresResponse.swift in Sources */ = {isa = PBXBuildFile; fileRef = F86319CF27B0209F008C0A8E /* RecommendedGenresResponse.swift */; };
		F86319D327B20867008C0A8E /* NewReleaseCollectionViewCell.swift in Sources */ = {isa = PBXBuildFile; fileRef = F86319D227B20866008C0A8E /* NewReleaseCollectionViewCell.swift */; };
		F86E5C9727B2D51600B2BFA1 /* FeaturedPlaylistCellViewModel.swift in Sources */ = {isa = PBXBuildFile; fileRef = F86E5C9627B2D51600B2BFA1 /* FeaturedPlaylistCellViewModel.swift */; };
		F86E5C9927B2DD0D00B2BFA1 /* RecommendedTrackCellViewModel.swift in Sources */ = {isa = PBXBuildFile; fileRef = F86E5C9827B2DD0D00B2BFA1 /* RecommendedTrackCellViewModel.swift */; };
		F8747E3227B7F772001C821F /* TitleHeaderCollectionReusableView.swift in Sources */ = {isa = PBXBuildFile; fileRef = F8747E3127B7F772001C821F /* TitleHeaderCollectionReusableView.swift */; };
		F8747E3427B8C990001C821F /* AlbumTrackCollectionViewCell.swift in Sources */ = {isa = PBXBuildFile; fileRef = F8747E3327B8C990001C821F /* AlbumTrackCollectionViewCell.swift */; };
		F8747E3627B8CC9B001C821F /* AlbumCollectionViewCellViewModel.swift in Sources */ = {isa = PBXBuildFile; fileRef = F8747E3527B8CC9B001C821F /* AlbumCollectionViewCellViewModel.swift */; };
		F8747E3827B8E124001C821F /* SearchResultsViewController.swift in Sources */ = {isa = PBXBuildFile; fileRef = F8747E3727B8E124001C821F /* SearchResultsViewController.swift */; };
		F8747E3A27B94B59001C821F /* GenreCollectionViewCell.swift in Sources */ = {isa = PBXBuildFile; fileRef = F8747E3927B94B59001C821F /* GenreCollectionViewCell.swift */; };
		F8747E3C27BB2BF0001C821F /* AllCategriesReponse.swift in Sources */ = {isa = PBXBuildFile; fileRef = F8747E3B27BB2BEF001C821F /* AllCategriesReponse.swift */; };
		F8747E3E27BB4E57001C821F /* CategoryCollectionViewCellViewModel.swift in Sources */ = {isa = PBXBuildFile; fileRef = F8747E3D27BB4E56001C821F /* CategoryCollectionViewCellViewModel.swift */; };
		F8747E4027BB575C001C821F /* CategoryViewController.swift in Sources */ = {isa = PBXBuildFile; fileRef = F8747E3F27BB575C001C821F /* CategoryViewController.swift */; };
		F8747E4227BBE944001C821F /* SearchResultsReponse.swift in Sources */ = {isa = PBXBuildFile; fileRef = F8747E4127BBE944001C821F /* SearchResultsReponse.swift */; };
		F8747E4427BBEC20001C821F /* SearchResult.swift in Sources */ = {isa = PBXBuildFile; fileRef = F8747E4327BBEC20001C821F /* SearchResult.swift */; };
		F8747E4727BCA3EC001C821F /* SearchResultDefaultTableViewCell.swift in Sources */ = {isa = PBXBuildFile; fileRef = F8747E4627BCA3EB001C821F /* SearchResultDefaultTableViewCell.swift */; };
		F8772B7B27CCB41700D0FFEF /* LibraryPlaylistsViewController.swift in Sources */ = {isa = PBXBuildFile; fileRef = F8772B7A27CCB41700D0FFEF /* LibraryPlaylistsViewController.swift */; };
		F8772B7D27CCB46B00D0FFEF /* LibraryAlbumsViewController.swift in Sources */ = {isa = PBXBuildFile; fileRef = F8772B7C27CCB46B00D0FFEF /* LibraryAlbumsViewController.swift */; };
		F8772B7F27CCBB0E00D0FFEF /* LibraryToggleView.swift in Sources */ = {isa = PBXBuildFile; fileRef = F8772B7E27CCBB0E00D0FFEF /* LibraryToggleView.swift */; };
		F8772B8127CCED8300D0FFEF /* LibraryPlaylistsReoponse.swift in Sources */ = {isa = PBXBuildFile; fileRef = F8772B8027CCED8300D0FFEF /* LibraryPlaylistsReoponse.swift */; };
		F87E2E3727A3EEE5007D7999 /* SearchViewController.swift in Sources */ = {isa = PBXBuildFile; fileRef = F87E2E3627A3EEE5007D7999 /* SearchViewController.swift */; };
		F87E2E3927A3EF10007D7999 /* LibraryViewController.swift in Sources */ = {isa = PBXBuildFile; fileRef = F87E2E3827A3EF10007D7999 /* LibraryViewController.swift */; };
		F87E2E3D27A3EF6B007D7999 /* AuthViewController.swift in Sources */ = {isa = PBXBuildFile; fileRef = F87E2E3C27A3EF6B007D7999 /* AuthViewController.swift */; };
		F87E2E3F27A3EF8C007D7999 /* WelcomeViewController.swift in Sources */ = {isa = PBXBuildFile; fileRef = F87E2E3E27A3EF8C007D7999 /* WelcomeViewController.swift */; };
		F87E2E4127A3EFA7007D7999 /* SettingsViewController.swift in Sources */ = {isa = PBXBuildFile; fileRef = F87E2E4027A3EFA7007D7999 /* SettingsViewController.swift */; };
		F87E2E4327A3EFF4007D7999 /* ProfileViewController.swift in Sources */ = {isa = PBXBuildFile; fileRef = F87E2E4227A3EFF4007D7999 /* ProfileViewController.swift */; };
		F87E2E4527A3EFFF007D7999 /* PlayerViewController.swift in Sources */ = {isa = PBXBuildFile; fileRef = F87E2E4427A3EFFF007D7999 /* PlayerViewController.swift */; };
		F87E2E4727A3F01E007D7999 /* PlaylistViewController.swift in Sources */ = {isa = PBXBuildFile; fileRef = F87E2E4627A3F01E007D7999 /* PlaylistViewController.swift */; };
		F87E2E4C27A3F088007D7999 /* AuthManager.swift in Sources */ = {isa = PBXBuildFile; fileRef = F87E2E4B27A3F088007D7999 /* AuthManager.swift */; };
		F87E2E4E27A3F0A1007D7999 /* APICaller.swift in Sources */ = {isa = PBXBuildFile; fileRef = F87E2E4D27A3F0A1007D7999 /* APICaller.swift */; };
		F87E2E5027A3F0C0007D7999 /* HapticsManager.swift in Sources */ = {isa = PBXBuildFile; fileRef = F87E2E4F27A3F0C0007D7999 /* HapticsManager.swift */; };
		F87E2E5227A3F0EC007D7999 /* Playlist.swift in Sources */ = {isa = PBXBuildFile; fileRef = F87E2E5127A3F0EC007D7999 /* Playlist.swift */; };
		F87E2E5427A3F119007D7999 /* AudioTrack.swift in Sources */ = {isa = PBXBuildFile; fileRef = F87E2E5327A3F119007D7999 /* AudioTrack.swift */; };
		F87E2E5627A3F132007D7999 /* Artist.swift in Sources */ = {isa = PBXBuildFile; fileRef = F87E2E5527A3F132007D7999 /* Artist.swift */; };
		F87E2E5827A3F150007D7999 /* UserProfile.swift in Sources */ = {isa = PBXBuildFile; fileRef = F87E2E5727A3F150007D7999 /* UserProfile.swift */; };
		F8C43DED27B21BC9005845A1 /* FeaturePlaylistCollectionViewCell.swift in Sources */ = {isa = PBXBuildFile; fileRef = F8C43DEC27B21BC9005845A1 /* FeaturePlaylistCollectionViewCell.swift */; };
		F8C43DEF27B21BFF005845A1 /* RecommendedTrackCollectionViewCell.swift in Sources */ = {isa = PBXBuildFile; fileRef = F8C43DEE27B21BFF005845A1 /* RecommendedTrackCollectionViewCell.swift */; };
		F8C43DF127B21DA8005845A1 /* NewReleasesCellViewModel.swift in Sources */ = {isa = PBXBuildFile; fileRef = F8C43DF027B21DA8005845A1 /* NewReleasesCellViewModel.swift */; };
		F8C98A9927C912C900EC70F9 /* PlayerControlsView.swift in Sources */ = {isa = PBXBuildFile; fileRef = F8C98A9827C912C900EC70F9 /* PlayerControlsView.swift */; };
		F8DE5AF027A3A937009CDDFA /* AppDelegate.swift in Sources */ = {isa = PBXBuildFile; fileRef = F8DE5AEF27A3A937009CDDFA /* AppDelegate.swift */; };
		F8DE5AF227A3A937009CDDFA /* SceneDelegate.swift in Sources */ = {isa = PBXBuildFile; fileRef = F8DE5AF127A3A937009CDDFA /* SceneDelegate.swift */; };
		F8DE5AF427A3A937009CDDFA /* HomeViewController.swift in Sources */ = {isa = PBXBuildFile; fileRef = F8DE5AF327A3A937009CDDFA /* HomeViewController.swift */; };
		F8DE5AF927A3A93B009CDDFA /* Assets.xcassets in Resources */ = {isa = PBXBuildFile; fileRef = F8DE5AF827A3A93B009CDDFA /* Assets.xcassets */; };
		F8DE5AFC27A3A93B009CDDFA /* LaunchScreen.storyboard in Resources */ = {isa = PBXBuildFile; fileRef = F8DE5AFA27A3A93B009CDDFA /* LaunchScreen.storyboard */; };
		F8DE5B0927A3B30A009CDDFA /* TabBarViewController.swift in Sources */ = {isa = PBXBuildFile; fileRef = F8DE5B0827A3B30A009CDDFA /* TabBarViewController.swift */; };
/* End PBXBuildFile section */

/* Begin PBXFileReference section */
		3DA9051C0D027960D73E011F /* Pods_Spotify.framework */ = {isa = PBXFileReference; explicitFileType = wrapper.framework; includeInIndex = 0; path = Pods_Spotify.framework; sourceTree = BUILT_PRODUCTS_DIR; };
		565C2EE72C19944E71C3C121 /* Pods-Spotify.release.xcconfig */ = {isa = PBXFileReference; includeInIndex = 1; lastKnownFileType = text.xcconfig; name = "Pods-Spotify.release.xcconfig"; path = "Target Support Files/Pods-Spotify/Pods-Spotify.release.xcconfig"; sourceTree = "<group>"; };
		CD66A92150CED60D4844509D /* Pods-Spotify.debug.xcconfig */ = {isa = PBXFileReference; includeInIndex = 1; lastKnownFileType = text.xcconfig; name = "Pods-Spotify.debug.xcconfig"; path = "Target Support Files/Pods-Spotify/Pods-Spotify.debug.xcconfig"; sourceTree = "<group>"; };
		F8139CF427BD46B20048B8F5 /* SearchResultDefaultTableViewCellViewModel.swift */ = {isa = PBXFileReference; lastKnownFileType = sourcecode.swift; path = SearchResultDefaultTableViewCellViewModel.swift; sourceTree = "<group>"; };
		F8139DA427C7E4220048B8F5 /* SearchResultSubtitleTableViewCell.swift */ = {isa = PBXFileReference; lastKnownFileType = sourcecode.swift; path = SearchResultSubtitleTableViewCell.swift; sourceTree = "<group>"; };
		F8139DA627C7EA730048B8F5 /* SearchResultSubtitleTableViewCellViewModel.swift */ = {isa = PBXFileReference; lastKnownFileType = sourcecode.swift; path = SearchResultSubtitleTableViewCellViewModel.swift; sourceTree = "<group>"; };
		F8139DA927C7F2940048B8F5 /* PlaybackPresenter.swift */ = {isa = PBXFileReference; lastKnownFileType = sourcecode.swift; path = PlaybackPresenter.swift; sourceTree = "<group>"; };
		F85D4D3727B4CA1900FBEEFA /* AlbumViewController.swift */ = {isa = PBXFileReference; lastKnownFileType = sourcecode.swift; path = AlbumViewController.swift; sourceTree = "<group>"; };
		F85D4D3927B5189C00FBEEFA /* AlbumDetailsReponse.swift */ = {isa = PBXFileReference; lastKnownFileType = sourcecode.swift; path = AlbumDetailsReponse.swift; sourceTree = "<group>"; };
		F85D4D3B27B52AAD00FBEEFA /* PlaylistDetailsReponse.swift */ = {isa = PBXFileReference; lastKnownFileType = sourcecode.swift; path = PlaylistDetailsReponse.swift; sourceTree = "<group>"; };
		F85D4D3D27B55FBE00FBEEFA /* PlaylistHeaderCollectionReusableView.swift */ = {isa = PBXFileReference; lastKnownFileType = sourcecode.swift; path = PlaylistHeaderCollectionReusableView.swift; sourceTree = "<group>"; };
		F85D4D3F27B5663E00FBEEFA /* PlaylistHeaderViewViewModel.swift */ = {isa = PBXFileReference; lastKnownFileType = sourcecode.swift; path = PlaylistHeaderViewViewModel.swift; sourceTree = "<group>"; };
		F86319C127A43301008C0A8E /* Extensions.swift */ = {isa = PBXFileReference; lastKnownFileType = sourcecode.swift; path = Extensions.swift; sourceTree = "<group>"; };
		F86319C327A55B66008C0A8E /* AuthResponse.swift */ = {isa = PBXFileReference; lastKnownFileType = sourcecode.swift; path = AuthResponse.swift; sourceTree = "<group>"; };
		F86319C527AEA2C0008C0A8E /* SettingsModels.swift */ = {isa = PBXFileReference; lastKnownFileType = sourcecode.swift; path = SettingsModels.swift; sourceTree = "<group>"; };
		F86319C727AFF5BC008C0A8E /* NewReleasesReponse.swift */ = {isa = PBXFileReference; lastKnownFileType = sourcecode.swift; path = NewReleasesReponse.swift; sourceTree = "<group>"; };
		F86319C927AFFC09008C0A8E /* APIImage.swift */ = {isa = PBXFileReference; lastKnownFileType = sourcecode.swift; path = APIImage.swift; sourceTree = "<group>"; };
		F86319CB27B00C50008C0A8E /* FeaturedPlaylistsResponse.swift */ = {isa = PBXFileReference; lastKnownFileType = sourcecode.swift; path = FeaturedPlaylistsResponse.swift; sourceTree = "<group>"; };
		F86319CD27B012E0008C0A8E /* RecommendationsResponse.swift */ = {isa = PBXFileReference; lastKnownFileType = sourcecode.swift; path = RecommendationsResponse.swift; sourceTree = "<group>"; };
		F86319CF27B0209F008C0A8E /* RecommendedGenresResponse.swift */ = {isa = PBXFileReference; lastKnownFileType = sourcecode.swift; path = RecommendedGenresResponse.swift; sourceTree = "<group>"; };
		F86319D227B20866008C0A8E /* NewReleaseCollectionViewCell.swift */ = {isa = PBXFileReference; lastKnownFileType = sourcecode.swift; path = NewReleaseCollectionViewCell.swift; sourceTree = "<group>"; };
		F86E5C9627B2D51600B2BFA1 /* FeaturedPlaylistCellViewModel.swift */ = {isa = PBXFileReference; lastKnownFileType = sourcecode.swift; path = FeaturedPlaylistCellViewModel.swift; sourceTree = "<group>"; };
		F86E5C9827B2DD0D00B2BFA1 /* RecommendedTrackCellViewModel.swift */ = {isa = PBXFileReference; lastKnownFileType = sourcecode.swift; path = RecommendedTrackCellViewModel.swift; sourceTree = "<group>"; };
		F8747E3127B7F772001C821F /* TitleHeaderCollectionReusableView.swift */ = {isa = PBXFileReference; lastKnownFileType = sourcecode.swift; path = TitleHeaderCollectionReusableView.swift; sourceTree = "<group>"; };
		F8747E3327B8C990001C821F /* AlbumTrackCollectionViewCell.swift */ = {isa = PBXFileReference; lastKnownFileType = sourcecode.swift; path = AlbumTrackCollectionViewCell.swift; sourceTree = "<group>"; };
		F8747E3527B8CC9B001C821F /* AlbumCollectionViewCellViewModel.swift */ = {isa = PBXFileReference; lastKnownFileType = sourcecode.swift; path = AlbumCollectionViewCellViewModel.swift; sourceTree = "<group>"; };
		F8747E3727B8E124001C821F /* SearchResultsViewController.swift */ = {isa = PBXFileReference; lastKnownFileType = sourcecode.swift; path = SearchResultsViewController.swift; sourceTree = "<group>"; };
		F8747E3927B94B59001C821F /* GenreCollectionViewCell.swift */ = {isa = PBXFileReference; lastKnownFileType = sourcecode.swift; path = GenreCollectionViewCell.swift; sourceTree = "<group>"; };
		F8747E3B27BB2BEF001C821F /* AllCategriesReponse.swift */ = {isa = PBXFileReference; lastKnownFileType = sourcecode.swift; path = AllCategriesReponse.swift; sourceTree = "<group>"; };
		F8747E3D27BB4E56001C821F /* CategoryCollectionViewCellViewModel.swift */ = {isa = PBXFileReference; lastKnownFileType = sourcecode.swift; path = CategoryCollectionViewCellViewModel.swift; sourceTree = "<group>"; };
		F8747E3F27BB575C001C821F /* CategoryViewController.swift */ = {isa = PBXFileReference; lastKnownFileType = sourcecode.swift; path = CategoryViewController.swift; sourceTree = "<group>"; };
		F8747E4127BBE944001C821F /* SearchResultsReponse.swift */ = {isa = PBXFileReference; lastKnownFileType = sourcecode.swift; path = SearchResultsReponse.swift; sourceTree = "<group>"; };
		F8747E4327BBEC20001C821F /* SearchResult.swift */ = {isa = PBXFileReference; lastKnownFileType = sourcecode.swift; path = SearchResult.swift; sourceTree = "<group>"; };
		F8747E4627BCA3EB001C821F /* SearchResultDefaultTableViewCell.swift */ = {isa = PBXFileReference; lastKnownFileType = sourcecode.swift; path = SearchResultDefaultTableViewCell.swift; sourceTree = "<group>"; };
		F8772B7A27CCB41700D0FFEF /* LibraryPlaylistsViewController.swift */ = {isa = PBXFileReference; lastKnownFileType = sourcecode.swift; path = LibraryPlaylistsViewController.swift; sourceTree = "<group>"; };
		F8772B7C27CCB46B00D0FFEF /* LibraryAlbumsViewController.swift */ = {isa = PBXFileReference; lastKnownFileType = sourcecode.swift; path = LibraryAlbumsViewController.swift; sourceTree = "<group>"; };
		F8772B7E27CCBB0E00D0FFEF /* LibraryToggleView.swift */ = {isa = PBXFileReference; lastKnownFileType = sourcecode.swift; path = LibraryToggleView.swift; sourceTree = "<group>"; };
		F8772B8027CCED8300D0FFEF /* LibraryPlaylistsReoponse.swift */ = {isa = PBXFileReference; lastKnownFileType = sourcecode.swift; path = LibraryPlaylistsReoponse.swift; sourceTree = "<group>"; };
		F87E2E3627A3EEE5007D7999 /* SearchViewController.swift */ = {isa = PBXFileReference; lastKnownFileType = sourcecode.swift; path = SearchViewController.swift; sourceTree = "<group>"; };
		F87E2E3827A3EF10007D7999 /* LibraryViewController.swift */ = {isa = PBXFileReference; lastKnownFileType = sourcecode.swift; path = LibraryViewController.swift; sourceTree = "<group>"; };
		F87E2E3C27A3EF6B007D7999 /* AuthViewController.swift */ = {isa = PBXFileReference; lastKnownFileType = sourcecode.swift; path = AuthViewController.swift; sourceTree = "<group>"; };
		F87E2E3E27A3EF8C007D7999 /* WelcomeViewController.swift */ = {isa = PBXFileReference; lastKnownFileType = sourcecode.swift; path = WelcomeViewController.swift; sourceTree = "<group>"; };
		F87E2E4027A3EFA7007D7999 /* SettingsViewController.swift */ = {isa = PBXFileReference; lastKnownFileType = sourcecode.swift; path = SettingsViewController.swift; sourceTree = "<group>"; };
		F87E2E4227A3EFF4007D7999 /* ProfileViewController.swift */ = {isa = PBXFileReference; lastKnownFileType = sourcecode.swift; path = ProfileViewController.swift; sourceTree = "<group>"; };
		F87E2E4427A3EFFF007D7999 /* PlayerViewController.swift */ = {isa = PBXFileReference; lastKnownFileType = sourcecode.swift; path = PlayerViewController.swift; sourceTree = "<group>"; };
		F87E2E4627A3F01E007D7999 /* PlaylistViewController.swift */ = {isa = PBXFileReference; lastKnownFileType = sourcecode.swift; path = PlaylistViewController.swift; sourceTree = "<group>"; };
		F87E2E4B27A3F088007D7999 /* AuthManager.swift */ = {isa = PBXFileReference; lastKnownFileType = sourcecode.swift; path = AuthManager.swift; sourceTree = "<group>"; };
		F87E2E4D27A3F0A1007D7999 /* APICaller.swift */ = {isa = PBXFileReference; lastKnownFileType = sourcecode.swift; path = APICaller.swift; sourceTree = "<group>"; };
		F87E2E4F27A3F0C0007D7999 /* HapticsManager.swift */ = {isa = PBXFileReference; lastKnownFileType = sourcecode.swift; path = HapticsManager.swift; sourceTree = "<group>"; };
		F87E2E5127A3F0EC007D7999 /* Playlist.swift */ = {isa = PBXFileReference; lastKnownFileType = sourcecode.swift; path = Playlist.swift; sourceTree = "<group>"; };
		F87E2E5327A3F119007D7999 /* AudioTrack.swift */ = {isa = PBXFileReference; lastKnownFileType = sourcecode.swift; path = AudioTrack.swift; sourceTree = "<group>"; };
		F87E2E5527A3F132007D7999 /* Artist.swift */ = {isa = PBXFileReference; lastKnownFileType = sourcecode.swift; path = Artist.swift; sourceTree = "<group>"; };
		F87E2E5727A3F150007D7999 /* UserProfile.swift */ = {isa = PBXFileReference; lastKnownFileType = sourcecode.swift; path = UserProfile.swift; sourceTree = "<group>"; };
		F8C43DEC27B21BC9005845A1 /* FeaturePlaylistCollectionViewCell.swift */ = {isa = PBXFileReference; lastKnownFileType = sourcecode.swift; path = FeaturePlaylistCollectionViewCell.swift; sourceTree = "<group>"; };
		F8C43DEE27B21BFF005845A1 /* RecommendedTrackCollectionViewCell.swift */ = {isa = PBXFileReference; lastKnownFileType = sourcecode.swift; path = RecommendedTrackCollectionViewCell.swift; sourceTree = "<group>"; };
		F8C43DF027B21DA8005845A1 /* NewReleasesCellViewModel.swift */ = {isa = PBXFileReference; lastKnownFileType = sourcecode.swift; path = NewReleasesCellViewModel.swift; sourceTree = "<group>"; };
		F8C98A9827C912C900EC70F9 /* PlayerControlsView.swift */ = {isa = PBXFileReference; lastKnownFileType = sourcecode.swift; path = PlayerControlsView.swift; sourceTree = "<group>"; };
		F8DE5AEC27A3A937009CDDFA /* Spotify Dev.app */ = {isa = PBXFileReference; explicitFileType = wrapper.application; includeInIndex = 0; path = "Spotify Dev.app"; sourceTree = BUILT_PRODUCTS_DIR; };
		F8DE5AEF27A3A937009CDDFA /* AppDelegate.swift */ = {isa = PBXFileReference; lastKnownFileType = sourcecode.swift; path = AppDelegate.swift; sourceTree = "<group>"; };
		F8DE5AF127A3A937009CDDFA /* SceneDelegate.swift */ = {isa = PBXFileReference; lastKnownFileType = sourcecode.swift; path = SceneDelegate.swift; sourceTree = "<group>"; };
		F8DE5AF327A3A937009CDDFA /* HomeViewController.swift */ = {isa = PBXFileReference; lastKnownFileType = sourcecode.swift; path = HomeViewController.swift; sourceTree = "<group>"; };
		F8DE5AF827A3A93B009CDDFA /* Assets.xcassets */ = {isa = PBXFileReference; lastKnownFileType = folder.assetcatalog; path = Assets.xcassets; sourceTree = "<group>"; };
		F8DE5AFB27A3A93B009CDDFA /* Base */ = {isa = PBXFileReference; lastKnownFileType = file.storyboard; name = Base; path = Base.lproj/LaunchScreen.storyboard; sourceTree = "<group>"; };
		F8DE5AFD27A3A93B009CDDFA /* Info.plist */ = {isa = PBXFileReference; lastKnownFileType = text.plist.xml; path = Info.plist; sourceTree = "<group>"; };
		F8DE5B0827A3B30A009CDDFA /* TabBarViewController.swift */ = {isa = PBXFileReference; lastKnownFileType = sourcecode.swift; path = TabBarViewController.swift; sourceTree = "<group>"; };
/* End PBXFileReference section */

/* Begin PBXFrameworksBuildPhase section */
		F8DE5AE927A3A937009CDDFA /* Frameworks */ = {
			isa = PBXFrameworksBuildPhase;
			buildActionMask = 2147483647;
			files = (
				B73477D2B0EF8A710696FB77 /* Pods_Spotify.framework in Frameworks */,
			);
			runOnlyForDeploymentPostprocessing = 0;
		};
/* End PBXFrameworksBuildPhase section */

/* Begin PBXGroup section */
		0F13F48489720C290BC2426F /* Pods */ = {
			isa = PBXGroup;
			children = (
				CD66A92150CED60D4844509D /* Pods-Spotify.debug.xcconfig */,
				565C2EE72C19944E71C3C121 /* Pods-Spotify.release.xcconfig */,
			);
			path = Pods;
			sourceTree = "<group>";
		};
		84F8017A09F6977B8E49DDDE /* Frameworks */ = {
			isa = PBXGroup;
			children = (
				F8DE5AED27A3A937009CDDFA /* Products */,
				3DA9051C0D027960D73E011F /* Pods_Spotify.framework */,
			);
			name = Frameworks;
			sourceTree = "<group>";
		};
		F8139DA827C7F2470048B8F5 /* Presenter */ = {
			isa = PBXGroup;
			children = (
				F8139DA927C7F2940048B8F5 /* PlaybackPresenter.swift */,
			);
			path = Presenter;
			sourceTree = "<group>";
		};
		F86319D127B2082B008C0A8E /* Browser */ = {
			isa = PBXGroup;
			children = (
				F86319D227B20866008C0A8E /* NewReleaseCollectionViewCell.swift */,
				F8C43DEC27B21BC9005845A1 /* FeaturePlaylistCollectionViewCell.swift */,
				F8C43DEE27B21BFF005845A1 /* RecommendedTrackCollectionViewCell.swift */,
				F8747E3927B94B59001C821F /* GenreCollectionViewCell.swift */,
			);
			path = Browser;
			sourceTree = "<group>";
		};
		F8747E4527BC9650001C821F /* SearchResultCells */ = {
			isa = PBXGroup;
			children = (
				F8747E4627BCA3EB001C821F /* SearchResultDefaultTableViewCell.swift */,
				F8139DA427C7E4220048B8F5 /* SearchResultSubtitleTableViewCell.swift */,
			);
			path = SearchResultCells;
			sourceTree = "<group>";
		};
		F8772B7927CCB3AE00D0FFEF /* Library */ = {
			isa = PBXGroup;
			children = (
				F8772B7A27CCB41700D0FFEF /* LibraryPlaylistsViewController.swift */,
				F8772B7C27CCB46B00D0FFEF /* LibraryAlbumsViewController.swift */,
			);
			path = Library;
			sourceTree = "<group>";
		};
		F87E2E3A27A3EF30007D7999 /* Other */ = {
			isa = PBXGroup;
			children = (
				F8772B7927CCB3AE00D0FFEF /* Library */,
				F87E2E3C27A3EF6B007D7999 /* AuthViewController.swift */,
				F87E2E3E27A3EF8C007D7999 /* WelcomeViewController.swift */,
				F87E2E4027A3EFA7007D7999 /* SettingsViewController.swift */,
				F87E2E4227A3EFF4007D7999 /* ProfileViewController.swift */,
				F87E2E4427A3EFFF007D7999 /* PlayerViewController.swift */,
				F87E2E4627A3F01E007D7999 /* PlaylistViewController.swift */,
				F85D4D3727B4CA1900FBEEFA /* AlbumViewController.swift */,
				F8747E3727B8E124001C821F /* SearchResultsViewController.swift */,
				F8747E3F27BB575C001C821F /* CategoryViewController.swift */,
			);
			path = Other;
			sourceTree = "<group>";
		};
		F87E2E3B27A3EF39007D7999 /* Core */ = {
			isa = PBXGroup;
			children = (
				F8DE5AF327A3A937009CDDFA /* HomeViewController.swift */,
				F8DE5B0827A3B30A009CDDFA /* TabBarViewController.swift */,
				F87E2E3627A3EEE5007D7999 /* SearchViewController.swift */,
				F87E2E3827A3EF10007D7999 /* LibraryViewController.swift */,
			);
			path = Core;
			sourceTree = "<group>";
		};
		F87E2E4A27A3F06E007D7999 /* Manager */ = {
			isa = PBXGroup;
			children = (
				F87E2E4B27A3F088007D7999 /* AuthManager.swift */,
				F87E2E4D27A3F0A1007D7999 /* APICaller.swift */,
				F87E2E4F27A3F0C0007D7999 /* HapticsManager.swift */,
			);
			path = Manager;
			sourceTree = "<group>";
		};
		F8DE5AE327A3A937009CDDFA = {
			isa = PBXGroup;
			children = (
				F8DE5AEE27A3A937009CDDFA /* Spotify */,
				0F13F48489720C290BC2426F /* Pods */,
				84F8017A09F6977B8E49DDDE /* Frameworks */,
			);
			sourceTree = "<group>";
		};
		F8DE5AED27A3A937009CDDFA /* Products */ = {
			isa = PBXGroup;
			children = (
				F8DE5AEC27A3A937009CDDFA /* Spotify Dev.app */,
			);
			name = Products;
			sourceTree = "<group>";
		};
		F8DE5AEE27A3A937009CDDFA /* Spotify */ = {
			isa = PBXGroup;
			children = (
				F8139DA827C7F2470048B8F5 /* Presenter */,
				F8DE5B0727A3A973009CDDFA /* Resources */,
				F87E2E4A27A3F06E007D7999 /* Manager */,
				F8DE5B0327A3A94B009CDDFA /* Models */,
				F8DE5B0627A3A963009CDDFA /* ModelView */,
				F8DE5B0527A3A959009CDDFA /* Controllers */,
				F8DE5B0427A3A952009CDDFA /* Views */,
				F8DE5AFD27A3A93B009CDDFA /* Info.plist */,
			);
			path = Spotify;
			sourceTree = "<group>";
		};
		F8DE5B0327A3A94B009CDDFA /* Models */ = {
			isa = PBXGroup;
			children = (
				F87E2E5127A3F0EC007D7999 /* Playlist.swift */,
				F87E2E5327A3F119007D7999 /* AudioTrack.swift */,
				F87E2E5527A3F132007D7999 /* Artist.swift */,
				F87E2E5727A3F150007D7999 /* UserProfile.swift */,
				F86319C727AFF5BC008C0A8E /* NewReleasesReponse.swift */,
				F86319C327A55B66008C0A8E /* AuthResponse.swift */,
				F86319C527AEA2C0008C0A8E /* SettingsModels.swift */,
				F86319C927AFFC09008C0A8E /* APIImage.swift */,
				F86319CB27B00C50008C0A8E /* FeaturedPlaylistsResponse.swift */,
				F86319CD27B012E0008C0A8E /* RecommendationsResponse.swift */,
				F86319CF27B0209F008C0A8E /* RecommendedGenresResponse.swift */,
				F85D4D3B27B52AAD00FBEEFA /* PlaylistDetailsReponse.swift */,
				F8747E3B27BB2BEF001C821F /* AllCategriesReponse.swift */,
				F85D4D3927B5189C00FBEEFA /* AlbumDetailsReponse.swift */,
				F8747E4127BBE944001C821F /* SearchResultsReponse.swift */,
				F8747E4327BBEC20001C821F /* SearchResult.swift */,
				F8772B8027CCED8300D0FFEF /* LibraryPlaylistsReoponse.swift */,
			);
			path = Models;
			sourceTree = "<group>";
		};
		F8DE5B0427A3A952009CDDFA /* Views */ = {
			isa = PBXGroup;
			children = (
				F86319D127B2082B008C0A8E /* Browser */,
				F8DE5AFA27A3A93B009CDDFA /* LaunchScreen.storyboard */,
				F85D4D3D27B55FBE00FBEEFA /* PlaylistHeaderCollectionReusableView.swift */,
				F8747E3127B7F772001C821F /* TitleHeaderCollectionReusableView.swift */,
				F8747E3327B8C990001C821F /* AlbumTrackCollectionViewCell.swift */,
				F8C98A9827C912C900EC70F9 /* PlayerControlsView.swift */,
				F8772B7E27CCBB0E00D0FFEF /* LibraryToggleView.swift */,
			);
			path = Views;
			sourceTree = "<group>";
		};
		F8DE5B0527A3A959009CDDFA /* Controllers */ = {
			isa = PBXGroup;
			children = (
				F8747E4527BC9650001C821F /* SearchResultCells */,
				F87E2E3B27A3EF39007D7999 /* Core */,
				F87E2E3A27A3EF30007D7999 /* Other */,
			);
			path = Controllers;
			sourceTree = "<group>";
		};
		F8DE5B0627A3A963009CDDFA /* ModelView */ = {
			isa = PBXGroup;
			children = (
				F8C43DF027B21DA8005845A1 /* NewReleasesCellViewModel.swift */,
				F86E5C9627B2D51600B2BFA1 /* FeaturedPlaylistCellViewModel.swift */,
				F86E5C9827B2DD0D00B2BFA1 /* RecommendedTrackCellViewModel.swift */,
				F85D4D3F27B5663E00FBEEFA /* PlaylistHeaderViewViewModel.swift */,
				F8747E3527B8CC9B001C821F /* AlbumCollectionViewCellViewModel.swift */,
				F8747E3D27BB4E56001C821F /* CategoryCollectionViewCellViewModel.swift */,
				F8139CF427BD46B20048B8F5 /* SearchResultDefaultTableViewCellViewModel.swift */,
				F8139DA627C7EA730048B8F5 /* SearchResultSubtitleTableViewCellViewModel.swift */,
			);
			path = ModelView;
			sourceTree = "<group>";
		};
		F8DE5B0727A3A973009CDDFA /* Resources */ = {
			isa = PBXGroup;
			children = (
				F8DE5AEF27A3A937009CDDFA /* AppDelegate.swift */,
				F8DE5AF127A3A937009CDDFA /* SceneDelegate.swift */,
				F86319C127A43301008C0A8E /* Extensions.swift */,
				F8DE5AF827A3A93B009CDDFA /* Assets.xcassets */,
			);
			path = Resources;
			sourceTree = "<group>";
		};
/* End PBXGroup section */

/* Begin PBXNativeTarget section */
		F8DE5AEB27A3A937009CDDFA /* Spotify Dev */ = {
			isa = PBXNativeTarget;
			buildConfigurationList = F8DE5B0027A3A93B009CDDFA /* Build configuration list for PBXNativeTarget "Spotify Dev" */;
			buildPhases = (
				656D2D07D3CAD9BCE9D7C048 /* [CP] Check Pods Manifest.lock */,
				F8DE5AE827A3A937009CDDFA /* Sources */,
				F8DE5AE927A3A937009CDDFA /* Frameworks */,
				F8DE5AEA27A3A937009CDDFA /* Resources */,
				EA1C52561054142766148619 /* [CP] Embed Pods Frameworks */,
			);
			buildRules = (
			);
			dependencies = (
			);
			name = "Spotify Dev";
			productName = Spotify;
			productReference = F8DE5AEC27A3A937009CDDFA /* Spotify Dev.app */;
			productType = "com.apple.product-type.application";
		};
/* End PBXNativeTarget section */

/* Begin PBXProject section */
		F8DE5AE427A3A937009CDDFA /* Project object */ = {
			isa = PBXProject;
			attributes = {
				BuildIndependentTargetsInParallel = 1;
				LastSwiftUpdateCheck = 1310;
				LastUpgradeCheck = 1310;
				TargetAttributes = {
					F8DE5AEB27A3A937009CDDFA = {
						CreatedOnToolsVersion = 13.1;
					};
				};
			};
			buildConfigurationList = F8DE5AE727A3A937009CDDFA /* Build configuration list for PBXProject "Spotify Dev" */;
			compatibilityVersion = "Xcode 13.0";
			developmentRegion = en;
			hasScannedForEncodings = 0;
			knownRegions = (
				en,
				Base,
			);
			mainGroup = F8DE5AE327A3A937009CDDFA;
			productRefGroup = F8DE5AED27A3A937009CDDFA /* Products */;
			projectDirPath = "";
			projectRoot = "";
			targets = (
				F8DE5AEB27A3A937009CDDFA /* Spotify Dev */,
			);
		};
/* End PBXProject section */

/* Begin PBXResourcesBuildPhase section */
		F8DE5AEA27A3A937009CDDFA /* Resources */ = {
			isa = PBXResourcesBuildPhase;
			buildActionMask = 2147483647;
			files = (
				F8DE5AFC27A3A93B009CDDFA /* LaunchScreen.storyboard in Resources */,
				F8DE5AF927A3A93B009CDDFA /* Assets.xcassets in Resources */,
			);
			runOnlyForDeploymentPostprocessing = 0;
		};
/* End PBXResourcesBuildPhase section */

/* Begin PBXShellScriptBuildPhase section */
		656D2D07D3CAD9BCE9D7C048 /* [CP] Check Pods Manifest.lock */ = {
			isa = PBXShellScriptBuildPhase;
			buildActionMask = 2147483647;
			files = (
			);
			inputFileListPaths = (
			);
			inputPaths = (
				"${PODS_PODFILE_DIR_PATH}/Podfile.lock",
				"${PODS_ROOT}/Manifest.lock",
			);
			name = "[CP] Check Pods Manifest.lock";
			outputFileListPaths = (
			);
			outputPaths = (
				"$(DERIVED_FILE_DIR)/Pods-Spotify-checkManifestLockResult.txt",
			);
			runOnlyForDeploymentPostprocessing = 0;
			shellPath = /bin/sh;
			shellScript = "diff \"${PODS_PODFILE_DIR_PATH}/Podfile.lock\" \"${PODS_ROOT}/Manifest.lock\" > /dev/null\nif [ $? != 0 ] ; then\n    # print error to STDERR\n    echo \"error: The sandbox is not in sync with the Podfile.lock. Run 'pod install' or update your CocoaPods installation.\" >&2\n    exit 1\nfi\n# This output is used by Xcode 'outputs' to avoid re-running this script phase.\necho \"SUCCESS\" > \"${SCRIPT_OUTPUT_FILE_0}\"\n";
			showEnvVarsInLog = 0;
		};
		EA1C52561054142766148619 /* [CP] Embed Pods Frameworks */ = {
			isa = PBXShellScriptBuildPhase;
			buildActionMask = 2147483647;
			files = (
			);
			inputFileListPaths = (
				"${PODS_ROOT}/Target Support Files/Pods-Spotify/Pods-Spotify-frameworks-${CONFIGURATION}-input-files.xcfilelist",
			);
			name = "[CP] Embed Pods Frameworks";
			outputFileListPaths = (
				"${PODS_ROOT}/Target Support Files/Pods-Spotify/Pods-Spotify-frameworks-${CONFIGURATION}-output-files.xcfilelist",
			);
			runOnlyForDeploymentPostprocessing = 0;
			shellPath = /bin/sh;
			shellScript = "\"${PODS_ROOT}/Target Support Files/Pods-Spotify/Pods-Spotify-frameworks.sh\"\n";
			showEnvVarsInLog = 0;
		};
/* End PBXShellScriptBuildPhase section */

/* Begin PBXSourcesBuildPhase section */
		F8DE5AE827A3A937009CDDFA /* Sources */ = {
			isa = PBXSourcesBuildPhase;
			buildActionMask = 2147483647;
			files = (
				F87E2E3727A3EEE5007D7999 /* SearchViewController.swift in Sources */,
				F87E2E5227A3F0EC007D7999 /* Playlist.swift in Sources */,
				F87E2E4C27A3F088007D7999 /* AuthManager.swift in Sources */,
				F86E5C9927B2DD0D00B2BFA1 /* RecommendedTrackCellViewModel.swift in Sources */,
				F8772B7F27CCBB0E00D0FFEF /* LibraryToggleView.swift in Sources */,
				F8747E3C27BB2BF0001C821F /* AllCategriesReponse.swift in Sources */,
				F8C43DF127B21DA8005845A1 /* NewReleasesCellViewModel.swift in Sources */,
				F8747E3627B8CC9B001C821F /* AlbumCollectionViewCellViewModel.swift in Sources */,
				F8C43DED27B21BC9005845A1 /* FeaturePlaylistCollectionViewCell.swift in Sources */,
				F8747E4027BB575C001C821F /* CategoryViewController.swift in Sources */,
				F85D4D3827B4CA1900FBEEFA /* AlbumViewController.swift in Sources */,
				F8747E3227B7F772001C821F /* TitleHeaderCollectionReusableView.swift in Sources */,
				F86E5C9727B2D51600B2BFA1 /* FeaturedPlaylistCellViewModel.swift in Sources */,
				F85D4D4027B5663E00FBEEFA /* PlaylistHeaderViewViewModel.swift in Sources */,
				F87E2E3F27A3EF8C007D7999 /* WelcomeViewController.swift in Sources */,
				F86319D027B0209F008C0A8E /* RecommendedGenresResponse.swift in Sources */,
				F8139DA727C7EA730048B8F5 /* SearchResultSubtitleTableViewCellViewModel.swift in Sources */,
				F86319CA27AFFC09008C0A8E /* APIImage.swift in Sources */,
				F87E2E4327A3EFF4007D7999 /* ProfileViewController.swift in Sources */,
				F8C43DEF27B21BFF005845A1 /* RecommendedTrackCollectionViewCell.swift in Sources */,
				F8747E4727BCA3EC001C821F /* SearchResultDefaultTableViewCell.swift in Sources */,
				F86319C827AFF5BC008C0A8E /* NewReleasesReponse.swift in Sources */,
				F8772B8127CCED8300D0FFEF /* LibraryPlaylistsReoponse.swift in Sources */,
				F8DE5B0927A3B30A009CDDFA /* TabBarViewController.swift in Sources */,
				F8747E3A27B94B59001C821F /* GenreCollectionViewCell.swift in Sources */,
				F8C98A9927C912C900EC70F9 /* PlayerControlsView.swift in Sources */,
				F85D4D3A27B5189C00FBEEFA /* AlbumDetailsReponse.swift in Sources */,
				F86319D327B20867008C0A8E /* NewReleaseCollectionViewCell.swift in Sources */,
				F8747E3427B8C990001C821F /* AlbumTrackCollectionViewCell.swift in Sources */,
				F8DE5AF427A3A937009CDDFA /* HomeViewController.swift in Sources */,
				F8772B7D27CCB46B00D0FFEF /* LibraryAlbumsViewController.swift in Sources */,
				F8747E3827B8E124001C821F /* SearchResultsViewController.swift in Sources */,
				F87E2E5027A3F0C0007D7999 /* HapticsManager.swift in Sources */,
				F86319C427A55B66008C0A8E /* AuthResponse.swift in Sources */,
				F8139CF527BD46B20048B8F5 /* SearchResultDefaultTableViewCellViewModel.swift in Sources */,
				F87E2E5427A3F119007D7999 /* AudioTrack.swift in Sources */,
				F86319C227A43301008C0A8E /* Extensions.swift in Sources */,
				F87E2E3D27A3EF6B007D7999 /* AuthViewController.swift in Sources */,
				F85D4D3C27B52AAD00FBEEFA /* PlaylistDetailsReponse.swift in Sources */,
				F87E2E4127A3EFA7007D7999 /* SettingsViewController.swift in Sources */,
				F8DE5AF027A3A937009CDDFA /* AppDelegate.swift in Sources */,
				F8747E4427BBEC20001C821F /* SearchResult.swift in Sources */,
				F85D4D3E27B55FBF00FBEEFA /* PlaylistHeaderCollectionReusableView.swift in Sources */,
				F87E2E5827A3F150007D7999 /* UserProfile.swift in Sources */,
				F8139DAA27C7F2950048B8F5 /* PlaybackPresenter.swift in Sources */,
				F86319CE27B012E0008C0A8E /* RecommendationsResponse.swift in Sources */,
				F87E2E4727A3F01E007D7999 /* PlaylistViewController.swift in Sources */,
				F87E2E5627A3F132007D7999 /* Artist.swift in Sources */,
				F86319C627AEA2C0008C0A8E /* SettingsModels.swift in Sources */,
				F8139DA527C7E4240048B8F5 /* SearchResultSubtitleTableViewCell.swift in Sources */,
				F8772B7B27CCB41700D0FFEF /* LibraryPlaylistsViewController.swift in Sources */,
				F87E2E3927A3EF10007D7999 /* LibraryViewController.swift in Sources */,
				F87E2E4527A3EFFF007D7999 /* PlayerViewController.swift in Sources */,
				F87E2E4E27A3F0A1007D7999 /* APICaller.swift in Sources */,
				F86319CC27B00C50008C0A8E /* FeaturedPlaylistsResponse.swift in Sources */,
				F8747E4227BBE944001C821F /* SearchResultsReponse.swift in Sources */,
				F8747E3E27BB4E57001C821F /* CategoryCollectionViewCellViewModel.swift in Sources */,
				F8DE5AF227A3A937009CDDFA /* SceneDelegate.swift in Sources */,
			);
			runOnlyForDeploymentPostprocessing = 0;
		};
/* End PBXSourcesBuildPhase section */

/* Begin PBXVariantGroup section */
		F8DE5AFA27A3A93B009CDDFA /* LaunchScreen.storyboard */ = {
			isa = PBXVariantGroup;
			children = (
				F8DE5AFB27A3A93B009CDDFA /* Base */,
			);
			name = LaunchScreen.storyboard;
			sourceTree = "<group>";
		};
/* End PBXVariantGroup section */

/* Begin XCBuildConfiguration section */
		F8DE5AFE27A3A93B009CDDFA /* Debug */ = {
			isa = XCBuildConfiguration;
			buildSettings = {
				ALWAYS_SEARCH_USER_PATHS = NO;
				CLANG_ANALYZER_NONNULL = YES;
				CLANG_ANALYZER_NUMBER_OBJECT_CONVERSION = YES_AGGRESSIVE;
				CLANG_CXX_LANGUAGE_STANDARD = "gnu++17";
				CLANG_CXX_LIBRARY = "libc++";
				CLANG_ENABLE_MODULES = YES;
				CLANG_ENABLE_OBJC_ARC = YES;
				CLANG_ENABLE_OBJC_WEAK = YES;
				CLANG_WARN_BLOCK_CAPTURE_AUTORELEASING = YES;
				CLANG_WARN_BOOL_CONVERSION = YES;
				CLANG_WARN_COMMA = YES;
				CLANG_WARN_CONSTANT_CONVERSION = YES;
				CLANG_WARN_DEPRECATED_OBJC_IMPLEMENTATIONS = YES;
				CLANG_WARN_DIRECT_OBJC_ISA_USAGE = YES_ERROR;
				CLANG_WARN_DOCUMENTATION_COMMENTS = YES;
				CLANG_WARN_EMPTY_BODY = YES;
				CLANG_WARN_ENUM_CONVERSION = YES;
				CLANG_WARN_INFINITE_RECURSION = YES;
				CLANG_WARN_INT_CONVERSION = YES;
				CLANG_WARN_NON_LITERAL_NULL_CONVERSION = YES;
				CLANG_WARN_OBJC_IMPLICIT_RETAIN_SELF = YES;
				CLANG_WARN_OBJC_LITERAL_CONVERSION = YES;
				CLANG_WARN_OBJC_ROOT_CLASS = YES_ERROR;
				CLANG_WARN_QUOTED_INCLUDE_IN_FRAMEWORK_HEADER = YES;
				CLANG_WARN_RANGE_LOOP_ANALYSIS = YES;
				CLANG_WARN_STRICT_PROTOTYPES = YES;
				CLANG_WARN_SUSPICIOUS_MOVE = YES;
				CLANG_WARN_UNGUARDED_AVAILABILITY = YES_AGGRESSIVE;
				CLANG_WARN_UNREACHABLE_CODE = YES;
				CLANG_WARN__DUPLICATE_METHOD_MATCH = YES;
				COPY_PHASE_STRIP = NO;
				DEBUG_INFORMATION_FORMAT = dwarf;
				ENABLE_STRICT_OBJC_MSGSEND = YES;
				ENABLE_TESTABILITY = YES;
				GCC_C_LANGUAGE_STANDARD = gnu11;
				GCC_DYNAMIC_NO_PIC = NO;
				GCC_NO_COMMON_BLOCKS = YES;
				GCC_OPTIMIZATION_LEVEL = 0;
				GCC_PREPROCESSOR_DEFINITIONS = (
					"DEBUG=1",
					"$(inherited)",
				);
				GCC_WARN_64_TO_32_BIT_CONVERSION = YES;
				GCC_WARN_ABOUT_RETURN_TYPE = YES_ERROR;
				GCC_WARN_UNDECLARED_SELECTOR = YES;
				GCC_WARN_UNINITIALIZED_AUTOS = YES_AGGRESSIVE;
				GCC_WARN_UNUSED_FUNCTION = YES;
				GCC_WARN_UNUSED_VARIABLE = YES;
				IPHONEOS_DEPLOYMENT_TARGET = 15.0;
				MTL_ENABLE_DEBUG_INFO = INCLUDE_SOURCE;
				MTL_FAST_MATH = YES;
				ONLY_ACTIVE_ARCH = YES;
				SDKROOT = iphoneos;
				SWIFT_ACTIVE_COMPILATION_CONDITIONS = DEBUG;
				SWIFT_OPTIMIZATION_LEVEL = "-Onone";
			};
			name = Debug;
		};
		F8DE5AFF27A3A93B009CDDFA /* Release */ = {
			isa = XCBuildConfiguration;
			buildSettings = {
				ALWAYS_SEARCH_USER_PATHS = NO;
				CLANG_ANALYZER_NONNULL = YES;
				CLANG_ANALYZER_NUMBER_OBJECT_CONVERSION = YES_AGGRESSIVE;
				CLANG_CXX_LANGUAGE_STANDARD = "gnu++17";
				CLANG_CXX_LIBRARY = "libc++";
				CLANG_ENABLE_MODULES = YES;
				CLANG_ENABLE_OBJC_ARC = YES;
				CLANG_ENABLE_OBJC_WEAK = YES;
				CLANG_WARN_BLOCK_CAPTURE_AUTORELEASING = YES;
				CLANG_WARN_BOOL_CONVERSION = YES;
				CLANG_WARN_COMMA = YES;
				CLANG_WARN_CONSTANT_CONVERSION = YES;
				CLANG_WARN_DEPRECATED_OBJC_IMPLEMENTATIONS = YES;
				CLANG_WARN_DIRECT_OBJC_ISA_USAGE = YES_ERROR;
				CLANG_WARN_DOCUMENTATION_COMMENTS = YES;
				CLANG_WARN_EMPTY_BODY = YES;
				CLANG_WARN_ENUM_CONVERSION = YES;
				CLANG_WARN_INFINITE_RECURSION = YES;
				CLANG_WARN_INT_CONVERSION = YES;
				CLANG_WARN_NON_LITERAL_NULL_CONVERSION = YES;
				CLANG_WARN_OBJC_IMPLICIT_RETAIN_SELF = YES;
				CLANG_WARN_OBJC_LITERAL_CONVERSION = YES;
				CLANG_WARN_OBJC_ROOT_CLASS = YES_ERROR;
				CLANG_WARN_QUOTED_INCLUDE_IN_FRAMEWORK_HEADER = YES;
				CLANG_WARN_RANGE_LOOP_ANALYSIS = YES;
				CLANG_WARN_STRICT_PROTOTYPES = YES;
				CLANG_WARN_SUSPICIOUS_MOVE = YES;
				CLANG_WARN_UNGUARDED_AVAILABILITY = YES_AGGRESSIVE;
				CLANG_WARN_UNREACHABLE_CODE = YES;
				CLANG_WARN__DUPLICATE_METHOD_MATCH = YES;
				COPY_PHASE_STRIP = NO;
				DEBUG_INFORMATION_FORMAT = "dwarf-with-dsym";
				ENABLE_NS_ASSERTIONS = NO;
				ENABLE_STRICT_OBJC_MSGSEND = YES;
				GCC_C_LANGUAGE_STANDARD = gnu11;
				GCC_NO_COMMON_BLOCKS = YES;
				GCC_WARN_64_TO_32_BIT_CONVERSION = YES;
				GCC_WARN_ABOUT_RETURN_TYPE = YES_ERROR;
				GCC_WARN_UNDECLARED_SELECTOR = YES;
				GCC_WARN_UNINITIALIZED_AUTOS = YES_AGGRESSIVE;
				GCC_WARN_UNUSED_FUNCTION = YES;
				GCC_WARN_UNUSED_VARIABLE = YES;
				IPHONEOS_DEPLOYMENT_TARGET = 15.0;
				MTL_ENABLE_DEBUG_INFO = NO;
				MTL_FAST_MATH = YES;
				SDKROOT = iphoneos;
				SWIFT_COMPILATION_MODE = wholemodule;
				SWIFT_OPTIMIZATION_LEVEL = "-O";
				VALIDATE_PRODUCT = YES;
			};
			name = Release;
		};
		F8DE5B0127A3A93B009CDDFA /* Debug */ = {
			isa = XCBuildConfiguration;
			baseConfigurationReference = CD66A92150CED60D4844509D /* Pods-Spotify.debug.xcconfig */;
			buildSettings = {
				ASSETCATALOG_COMPILER_APPICON_NAME = AppIcon;
				ASSETCATALOG_COMPILER_GLOBAL_ACCENT_COLOR_NAME = AccentColor;
				CODE_SIGN_STYLE = Automatic;
				CURRENT_PROJECT_VERSION = 1;
				DEVELOPMENT_TEAM = UPWZYM9BJD;
				GENERATE_INFOPLIST_FILE = YES;
				INFOPLIST_FILE = Spotify/Info.plist;
				INFOPLIST_KEY_UIApplicationSupportsIndirectInputEvents = YES;
				INFOPLIST_KEY_UILaunchStoryboardName = LaunchScreen;
				INFOPLIST_KEY_UISupportedInterfaceOrientations_iPad = "UIInterfaceOrientationPortrait UIInterfaceOrientationPortraitUpsideDown UIInterfaceOrientationLandscapeLeft UIInterfaceOrientationLandscapeRight";
				INFOPLIST_KEY_UISupportedInterfaceOrientations_iPhone = "UIInterfaceOrientationPortrait UIInterfaceOrientationLandscapeLeft UIInterfaceOrientationLandscapeRight";
				LD_RUNPATH_SEARCH_PATHS = (
					"$(inherited)",
					"@executable_path/Frameworks",
				);
				MARKETING_VERSION = 1.0;
				PRODUCT_BUNDLE_IDENTIFIER = com.timdoner.Spotify;
				PRODUCT_NAME = "$(TARGET_NAME)";
				SWIFT_EMIT_LOC_STRINGS = YES;
				SWIFT_VERSION = 5.0;
				TARGETED_DEVICE_FAMILY = "1,2";
			};
			name = Debug;
		};
		F8DE5B0227A3A93B009CDDFA /* Release */ = {
			isa = XCBuildConfiguration;
			baseConfigurationReference = 565C2EE72C19944E71C3C121 /* Pods-Spotify.release.xcconfig */;
			buildSettings = {
				ASSETCATALOG_COMPILER_APPICON_NAME = AppIcon;
				ASSETCATALOG_COMPILER_GLOBAL_ACCENT_COLOR_NAME = AccentColor;
				CODE_SIGN_STYLE = Automatic;
				CURRENT_PROJECT_VERSION = 1;
				DEVELOPMENT_TEAM = UPWZYM9BJD;
				GENERATE_INFOPLIST_FILE = YES;
				INFOPLIST_FILE = Spotify/Info.plist;
				INFOPLIST_KEY_UIApplicationSupportsIndirectInputEvents = YES;
				INFOPLIST_KEY_UILaunchStoryboardName = LaunchScreen;
				INFOPLIST_KEY_UISupportedInterfaceOrientations_iPad = "UIInterfaceOrientationPortrait UIInterfaceOrientationPortraitUpsideDown UIInterfaceOrientationLandscapeLeft UIInterfaceOrientationLandscapeRight";
				INFOPLIST_KEY_UISupportedInterfaceOrientations_iPhone = "UIInterfaceOrientationPortrait UIInterfaceOrientationLandscapeLeft UIInterfaceOrientationLandscapeRight";
				LD_RUNPATH_SEARCH_PATHS = (
					"$(inherited)",
					"@executable_path/Frameworks",
				);
				MARKETING_VERSION = 1.0;
				PRODUCT_BUNDLE_IDENTIFIER = com.timdoner.Spotify;
				PRODUCT_NAME = "$(TARGET_NAME)";
				SWIFT_EMIT_LOC_STRINGS = YES;
				SWIFT_VERSION = 5.0;
				TARGETED_DEVICE_FAMILY = "1,2";
			};
			name = Release;
		};
/* End XCBuildConfiguration section */

/* Begin XCConfigurationList section */
		F8DE5AE727A3A937009CDDFA /* Build configuration list for PBXProject "Spotify Dev" */ = {
			isa = XCConfigurationList;
			buildConfigurations = (
				F8DE5AFE27A3A93B009CDDFA /* Debug */,
				F8DE5AFF27A3A93B009CDDFA /* Release */,
			);
			defaultConfigurationIsVisible = 0;
			defaultConfigurationName = Release;
		};
		F8DE5B0027A3A93B009CDDFA /* Build configuration list for PBXNativeTarget "Spotify Dev" */ = {
			isa = XCConfigurationList;
			buildConfigurations = (
				F8DE5B0127A3A93B009CDDFA /* Debug */,
				F8DE5B0227A3A93B009CDDFA /* Release */,
			);
			defaultConfigurationIsVisible = 0;
			defaultConfigurationName = Release;
		};
/* End XCConfigurationList section */
	};
	rootObject = F8DE5AE427A3A937009CDDFA /* Project object */;
}
